
Microsoft Visual Studio Solution File, Format Version 12.00
# Visual Studio Version 16
VisualStudioVersion = 16.0.32106.194
MinimumVisualStudioVersion = 10.0.40219.1
Project("{FAE04EC0-301F-11D3-BF4B-00C04F79EFBC}") = "FrontEnd", "Web\FrontEnd.csproj", "{FA2674CE-9E46-477F-9DF6-80EB66103DBC}"
EndProject
Project("{FAE04EC0-301F-11D3-BF4B-00C04F79EFBC}") = "BackEnd", "BusinessLogic\LogicaNegocio\BackEnd.csproj", "{BC9A4F5B-EDD8-449B-B35E-ADD4CF93F3FD}"
EndProject
Project("{FAE04EC0-301F-11D3-BF4B-00C04F79EFBC}") = "BaseDatos", "BaseDatos\BaseDatos.csproj", "{F093BAFB-698A-474C-996A-4812B515E0A3}"
EndProject
Global
	GlobalSection(SolutionConfigurationPlatforms) = preSolution
		Debug|Any CPU = Debug|Any CPU
		Release|Any CPU = Release|Any CPU
	EndGlobalSection
	GlobalSection(ProjectConfigurationPlatforms) = postSolution
		{FA2674CE-9E46-477F-9DF6-80EB66103DBC}.Debug|Any CPU.ActiveCfg = Debug|Any CPU
		{FA2674CE-9E46-477F-9DF6-80EB66103DBC}.Debug|Any CPU.Build.0 = Debug|Any CPU
		{FA2674CE-9E46-477F-9DF6-80EB66103DBC}.Release|Any CPU.ActiveCfg = Release|Any CPU
		{FA2674CE-9E46-477F-9DF6-80EB66103DBC}.Release|Any CPU.Build.0 = Release|Any CPU
		{BC9A4F5B-EDD8-449B-B35E-ADD4CF93F3FD}.Debug|Any CPU.ActiveCfg = Debug|Any CPU
		{BC9A4F5B-EDD8-449B-B35E-ADD4CF93F3FD}.Debug|Any CPU.Build.0 = Debug|Any CPU
		{BC9A4F5B-EDD8-449B-B35E-ADD4CF93F3FD}.Release|Any CPU.ActiveCfg = Release|Any CPU
		{BC9A4F5B-EDD8-449B-B35E-ADD4CF93F3FD}.Release|Any CPU.Build.0 = Release|Any CPU
		{F093BAFB-698A-474C-996A-4812B515E0A3}.Debug|Any CPU.ActiveCfg = Debug|Any CPU
		{F093BAFB-698A-474C-996A-4812B515E0A3}.Debug|Any CPU.Build.0 = Debug|Any CPU
		{F093BAFB-698A-474C-996A-4812B515E0A3}.Release|Any CPU.ActiveCfg = Release|Any CPU
		{F093BAFB-698A-474C-996A-4812B515E0A3}.Release|Any CPU.Build.0 = Release|Any CPU
	EndGlobalSection
	GlobalSection(SolutionProperties) = preSolution
		HideSolutionNode = FALSE
	EndGlobalSection
	GlobalSection(ExtensibilityGlobals) = postSolution
		SolutionGuid = {2F971E38-FB99-4688-ABEA-2A97F757B37E}
	EndGlobalSection
EndGlobal
